// !$*UTF8*$!
{
	archiveVersion = 1;
	classes = {
	};
	objectVersion = 55;
	objects = {

/* Begin PBXBuildFile section */
		445A4C4428985C5F00A75DAA /* XWeatherKitDemoApp.swift in Sources */ = {isa = PBXBuildFile; fileRef = 445A4C3428985C5E00A75DAA /* XWeatherKitDemoApp.swift */; };
		445A4C4528985C5F00A75DAA /* XWeatherKitDemoApp.swift in Sources */ = {isa = PBXBuildFile; fileRef = 445A4C3428985C5E00A75DAA /* XWeatherKitDemoApp.swift */; };
		445A4C4628985C5F00A75DAA /* ContentView.swift in Sources */ = {isa = PBXBuildFile; fileRef = 445A4C3528985C5E00A75DAA /* ContentView.swift */; };
		445A4C4728985C5F00A75DAA /* ContentView.swift in Sources */ = {isa = PBXBuildFile; fileRef = 445A4C3528985C5E00A75DAA /* ContentView.swift */; };
		445A4C4828985C5F00A75DAA /* Assets.xcassets in Resources */ = {isa = PBXBuildFile; fileRef = 445A4C3628985C5F00A75DAA /* Assets.xcassets */; };
		445A4C4928985C5F00A75DAA /* Assets.xcassets in Resources */ = {isa = PBXBuildFile; fileRef = 445A4C3628985C5F00A75DAA /* Assets.xcassets */; };
		445A4C5628985CB200A75DAA /* XWeatherKit in Frameworks */ = {isa = PBXBuildFile; productRef = 445A4C5528985CB200A75DAA /* XWeatherKit */; };
		445A4C5828985DF700A75DAA /* XWeatherKit in Frameworks */ = {isa = PBXBuildFile; productRef = 445A4C5728985DF700A75DAA /* XWeatherKit */; };
		445A4C5F289860BC00A75DAA /* DEBUGData.swift in Sources */ = {isa = PBXBuildFile; fileRef = 445A4C5E289860BC00A75DAA /* DEBUGData.swift */; };
		445A4C60289860BC00A75DAA /* DEBUGData.swift in Sources */ = {isa = PBXBuildFile; fileRef = 445A4C5E289860BC00A75DAA /* DEBUGData.swift */; };
/* End PBXBuildFile section */

/* Begin PBXFileReference section */
		445A4C3428985C5E00A75DAA /* XWeatherKitDemoApp.swift */ = {isa = PBXFileReference; lastKnownFileType = sourcecode.swift; path = XWeatherKitDemoApp.swift; sourceTree = "<group>"; };
		445A4C3528985C5E00A75DAA /* ContentView.swift */ = {isa = PBXFileReference; lastKnownFileType = sourcecode.swift; path = ContentView.swift; sourceTree = "<group>"; };
		445A4C3628985C5F00A75DAA /* Assets.xcassets */ = {isa = PBXFileReference; lastKnownFileType = folder.assetcatalog; path = Assets.xcassets; sourceTree = "<group>"; };
		445A4C3B28985C5F00A75DAA /* XWeatherKitDemo.app */ = {isa = PBXFileReference; explicitFileType = wrapper.application; includeInIndex = 0; path = XWeatherKitDemo.app; sourceTree = BUILT_PRODUCTS_DIR; };
		445A4C4128985C5F00A75DAA /* XWeatherKitDemo.app */ = {isa = PBXFileReference; explicitFileType = wrapper.application; includeInIndex = 0; path = XWeatherKitDemo.app; sourceTree = BUILT_PRODUCTS_DIR; };
		445A4C4328985C5F00A75DAA /* macOS.entitlements */ = {isa = PBXFileReference; lastKnownFileType = text.plist.entitlements; path = macOS.entitlements; sourceTree = "<group>"; };
		445A4C5328985C6B00A75DAA /* XWeatherKit */ = {isa = PBXFileReference; lastKnownFileType = wrapper; name = XWeatherKit; path = ..; sourceTree = "<group>"; };
		445A4C5E289860BC00A75DAA /* DEBUGData.swift */ = {isa = PBXFileReference; lastKnownFileType = sourcecode.swift; path = DEBUGData.swift; sourceTree = "<group>"; };
/* End PBXFileReference section */

/* Begin PBXFrameworksBuildPhase section */
		445A4C3828985C5F00A75DAA /* Frameworks */ = {
			isa = PBXFrameworksBuildPhase;
			buildActionMask = 2147483647;
			files = (
				445A4C5828985DF700A75DAA /* XWeatherKit in Frameworks */,
			);
			runOnlyForDeploymentPostprocessing = 0;
		};
		445A4C3E28985C5F00A75DAA /* Frameworks */ = {
			isa = PBXFrameworksBuildPhase;
			buildActionMask = 2147483647;
			files = (
				445A4C5628985CB200A75DAA /* XWeatherKit in Frameworks */,
			);
			runOnlyForDeploymentPostprocessing = 0;
		};
/* End PBXFrameworksBuildPhase section */

/* Begin PBXGroup section */
		445A4C2E28985C5E00A75DAA = {
			isa = PBXGroup;
			children = (
				445A4C5228985C6B00A75DAA /* Packages */,
				445A4C3328985C5E00A75DAA /* Shared */,
				445A4C4228985C5F00A75DAA /* macOS */,
				445A4C3C28985C5F00A75DAA /* Products */,
				445A4C5428985CB200A75DAA /* Frameworks */,
			);
			sourceTree = "<group>";
		};
		445A4C3328985C5E00A75DAA /* Shared */ = {
			isa = PBXGroup;
			children = (
				445A4C3428985C5E00A75DAA /* XWeatherKitDemoApp.swift */,
				445A4C3528985C5E00A75DAA /* ContentView.swift */,
				445A4C3628985C5F00A75DAA /* Assets.xcassets */,
				445A4C5E289860BC00A75DAA /* DEBUGData.swift */,
			);
			path = Shared;
			sourceTree = "<group>";
		};
		445A4C3C28985C5F00A75DAA /* Products */ = {
			isa = PBXGroup;
			children = (
				445A4C3B28985C5F00A75DAA /* XWeatherKitDemo.app */,
				445A4C4128985C5F00A75DAA /* XWeatherKitDemo.app */,
			);
			name = Products;
			sourceTree = "<group>";
		};
		445A4C4228985C5F00A75DAA /* macOS */ = {
			isa = PBXGroup;
			children = (
				445A4C4328985C5F00A75DAA /* macOS.entitlements */,
			);
			path = macOS;
			sourceTree = "<group>";
		};
		445A4C5228985C6B00A75DAA /* Packages */ = {
			isa = PBXGroup;
			children = (
				445A4C5328985C6B00A75DAA /* XWeatherKit */,
			);
			name = Packages;
			sourceTree = "<group>";
		};
		445A4C5428985CB200A75DAA /* Frameworks */ = {
			isa = PBXGroup;
			children = (
			);
			name = Frameworks;
			sourceTree = "<group>";
		};
/* End PBXGroup section */

/* Begin PBXNativeTarget section */
		445A4C3A28985C5F00A75DAA /* XWeatherKitDemo (iOS) */ = {
			isa = PBXNativeTarget;
			buildConfigurationList = 445A4C4C28985C5F00A75DAA /* Build configuration list for PBXNativeTarget "XWeatherKitDemo (iOS)" */;
			buildPhases = (
				445A4C3728985C5F00A75DAA /* Sources */,
				445A4C3828985C5F00A75DAA /* Frameworks */,
				445A4C3928985C5F00A75DAA /* Resources */,
			);
			buildRules = (
			);
			dependencies = (
			);
			name = "XWeatherKitDemo (iOS)";
			packageProductDependencies = (
				445A4C5728985DF700A75DAA /* XWeatherKit */,
			);
			productName = "XWeatherKitDemo (iOS)";
			productReference = 445A4C3B28985C5F00A75DAA /* XWeatherKitDemo.app */;
			productType = "com.apple.product-type.application";
		};
		445A4C4028985C5F00A75DAA /* XWeatherKitDemo (macOS) */ = {
			isa = PBXNativeTarget;
			buildConfigurationList = 445A4C4F28985C5F00A75DAA /* Build configuration list for PBXNativeTarget "XWeatherKitDemo (macOS)" */;
			buildPhases = (
				445A4C3D28985C5F00A75DAA /* Sources */,
				445A4C3E28985C5F00A75DAA /* Frameworks */,
				445A4C3F28985C5F00A75DAA /* Resources */,
			);
			buildRules = (
			);
			dependencies = (
			);
			name = "XWeatherKitDemo (macOS)";
			packageProductDependencies = (
				445A4C5528985CB200A75DAA /* XWeatherKit */,
			);
			productName = "XWeatherKitDemo (macOS)";
			productReference = 445A4C4128985C5F00A75DAA /* XWeatherKitDemo.app */;
			productType = "com.apple.product-type.application";
		};
/* End PBXNativeTarget section */

/* Begin PBXProject section */
		445A4C2F28985C5E00A75DAA /* Project object */ = {
			isa = PBXProject;
			attributes = {
				BuildIndependentTargetsInParallel = 1;
				LastSwiftUpdateCheck = 1330;
				LastUpgradeCheck = 1330;
				ORGANIZATIONNAME = com.teenloong;
				TargetAttributes = {
					445A4C3A28985C5F00A75DAA = {
						CreatedOnToolsVersion = 13.3.1;
					};
					445A4C4028985C5F00A75DAA = {
						CreatedOnToolsVersion = 13.3.1;
					};
				};
			};
			buildConfigurationList = 445A4C3228985C5E00A75DAA /* Build configuration list for PBXProject "XWeatherKitDemo" */;
			compatibilityVersion = "Xcode 13.0";
			developmentRegion = en;
			hasScannedForEncodings = 0;
			knownRegions = (
				en,
				Base,
			);
			mainGroup = 445A4C2E28985C5E00A75DAA;
			packageReferences = (
			);
			productRefGroup = 445A4C3C28985C5F00A75DAA /* Products */;
			projectDirPath = "";
			projectRoot = "";
			targets = (
				445A4C3A28985C5F00A75DAA /* XWeatherKitDemo (iOS) */,
				445A4C4028985C5F00A75DAA /* XWeatherKitDemo (macOS) */,
			);
		};
/* End PBXProject section */

/* Begin PBXResourcesBuildPhase section */
		445A4C3928985C5F00A75DAA /* Resources */ = {
			isa = PBXResourcesBuildPhase;
			buildActionMask = 2147483647;
			files = (
				445A4C4828985C5F00A75DAA /* Assets.xcassets in Resources */,
			);
			runOnlyForDeploymentPostprocessing = 0;
		};
		445A4C3F28985C5F00A75DAA /* Resources */ = {
			isa = PBXResourcesBuildPhase;
			buildActionMask = 2147483647;
			files = (
				445A4C4928985C5F00A75DAA /* Assets.xcassets in Resources */,
			);
			runOnlyForDeploymentPostprocessing = 0;
		};
/* End PBXResourcesBuildPhase section */

/* Begin PBXSourcesBuildPhase section */
		445A4C3728985C5F00A75DAA /* Sources */ = {
			isa = PBXSourcesBuildPhase;
			buildActionMask = 2147483647;
			files = (
				445A4C5F289860BC00A75DAA /* DEBUGData.swift in Sources */,
				445A4C4628985C5F00A75DAA /* ContentView.swift in Sources */,
				445A4C4428985C5F00A75DAA /* XWeatherKitDemoApp.swift in Sources */,
			);
			runOnlyForDeploymentPostprocessing = 0;
		};
		445A4C3D28985C5F00A75DAA /* Sources */ = {
			isa = PBXSourcesBuildPhase;
			buildActionMask = 2147483647;
			files = (
				445A4C60289860BC00A75DAA /* DEBUGData.swift in Sources */,
				445A4C4728985C5F00A75DAA /* ContentView.swift in Sources */,
				445A4C4528985C5F00A75DAA /* XWeatherKitDemoApp.swift in Sources */,
			);
			runOnlyForDeploymentPostprocessing = 0;
		};
/* End PBXSourcesBuildPhase section */

/* Begin XCBuildConfiguration section */
		445A4C4A28985C5F00A75DAA /* Debug */ = {
			isa = XCBuildConfiguration;
			buildSettings = {
				ALWAYS_SEARCH_USER_PATHS = NO;
				CLANG_ANALYZER_NONNULL = YES;
				CLANG_ANALYZER_NUMBER_OBJECT_CONVERSION = YES_AGGRESSIVE;
				CLANG_CXX_LANGUAGE_STANDARD = "gnu++17";
				CLANG_ENABLE_MODULES = YES;
				CLANG_ENABLE_OBJC_ARC = YES;
				CLANG_ENABLE_OBJC_WEAK = YES;
				CLANG_WARN_BLOCK_CAPTURE_AUTORELEASING = YES;
				CLANG_WARN_BOOL_CONVERSION = YES;
				CLANG_WARN_COMMA = YES;
				CLANG_WARN_CONSTANT_CONVERSION = YES;
				CLANG_WARN_DEPRECATED_OBJC_IMPLEMENTATIONS = YES;
				CLANG_WARN_DIRECT_OBJC_ISA_USAGE = YES_ERROR;
				CLANG_WARN_DOCUMENTATION_COMMENTS = YES;
				CLANG_WARN_EMPTY_BODY = YES;
				CLANG_WARN_ENUM_CONVERSION = YES;
				CLANG_WARN_INFINITE_RECURSION = YES;
				CLANG_WARN_INT_CONVERSION = YES;
				CLANG_WARN_NON_LITERAL_NULL_CONVERSION = YES;
				CLANG_WARN_OBJC_IMPLICIT_RETAIN_SELF = YES;
				CLANG_WARN_OBJC_LITERAL_CONVERSION = YES;
				CLANG_WARN_OBJC_ROOT_CLASS = YES_ERROR;
				CLANG_WARN_QUOTED_INCLUDE_IN_FRAMEWORK_HEADER = YES;
				CLANG_WARN_RANGE_LOOP_ANALYSIS = YES;
				CLANG_WARN_STRICT_PROTOTYPES = YES;
				CLANG_WARN_SUSPICIOUS_MOVE = YES;
				CLANG_WARN_UNGUARDED_AVAILABILITY = YES_AGGRESSIVE;
				CLANG_WARN_UNREACHABLE_CODE = YES;
				CLANG_WARN__DUPLICATE_METHOD_MATCH = YES;
				COPY_PHASE_STRIP = NO;
				DEBUG_INFORMATION_FORMAT = dwarf;
				ENABLE_STRICT_OBJC_MSGSEND = YES;
				ENABLE_TESTABILITY = YES;
				GCC_C_LANGUAGE_STANDARD = gnu11;
				GCC_DYNAMIC_NO_PIC = NO;
				GCC_NO_COMMON_BLOCKS = YES;
				GCC_OPTIMIZATION_LEVEL = 0;
				GCC_PREPROCESSOR_DEFINITIONS = (
					"DEBUG=1",
					"$(inherited)",
				);
				GCC_WARN_64_TO_32_BIT_CONVERSION = YES;
				GCC_WARN_ABOUT_RETURN_TYPE = YES_ERROR;
				GCC_WARN_UNDECLARED_SELECTOR = YES;
				GCC_WARN_UNINITIALIZED_AUTOS = YES_AGGRESSIVE;
				GCC_WARN_UNUSED_FUNCTION = YES;
				GCC_WARN_UNUSED_VARIABLE = YES;
				IPHONEOS_DEPLOYMENT_TARGET = 14.0;
				MACOSX_DEPLOYMENT_TARGET = 11.0;
				MTL_ENABLE_DEBUG_INFO = INCLUDE_SOURCE;
				MTL_FAST_MATH = YES;
				ONLY_ACTIVE_ARCH = YES;
				SWIFT_ACTIVE_COMPILATION_CONDITIONS = DEBUG;
				SWIFT_OPTIMIZATION_LEVEL = "-Onone";
			};
			name = Debug;
		};
		445A4C4B28985C5F00A75DAA /* Release */ = {
			isa = XCBuildConfiguration;
			buildSettings = {
				ALWAYS_SEARCH_USER_PATHS = NO;
				CLANG_ANALYZER_NONNULL = YES;
				CLANG_ANALYZER_NUMBER_OBJECT_CONVERSION = YES_AGGRESSIVE;
				CLANG_CXX_LANGUAGE_STANDARD = "gnu++17";
				CLANG_ENABLE_MODULES = YES;
				CLANG_ENABLE_OBJC_ARC = YES;
				CLANG_ENABLE_OBJC_WEAK = YES;
				CLANG_WARN_BLOCK_CAPTURE_AUTORELEASING = YES;
				CLANG_WARN_BOOL_CONVERSION = YES;
				CLANG_WARN_COMMA = YES;
				CLANG_WARN_CONSTANT_CONVERSION = YES;
				CLANG_WARN_DEPRECATED_OBJC_IMPLEMENTATIONS = YES;
				CLANG_WARN_DIRECT_OBJC_ISA_USAGE = YES_ERROR;
				CLANG_WARN_DOCUMENTATION_COMMENTS = YES;
				CLANG_WARN_EMPTY_BODY = YES;
				CLANG_WARN_ENUM_CONVERSION = YES;
				CLANG_WARN_INFINITE_RECURSION = YES;
				CLANG_WARN_INT_CONVERSION = YES;
				CLANG_WARN_NON_LITERAL_NULL_CONVERSION = YES;
				CLANG_WARN_OBJC_IMPLICIT_RETAIN_SELF = YES;
				CLANG_WARN_OBJC_LITERAL_CONVERSION = YES;
				CLANG_WARN_OBJC_ROOT_CLASS = YES_ERROR;
				CLANG_WARN_QUOTED_INCLUDE_IN_FRAMEWORK_HEADER = YES;
				CLANG_WARN_RANGE_LOOP_ANALYSIS = YES;
				CLANG_WARN_STRICT_PROTOTYPES = YES;
				CLANG_WARN_SUSPICIOUS_MOVE = YES;
				CLANG_WARN_UNGUARDED_AVAILABILITY = YES_AGGRESSIVE;
				CLANG_WARN_UNREACHABLE_CODE = YES;
				CLANG_WARN__DUPLICATE_METHOD_MATCH = YES;
				COPY_PHASE_STRIP = NO;
				DEBUG_INFORMATION_FORMAT = "dwarf-with-dsym";
				ENABLE_NS_ASSERTIONS = NO;
				ENABLE_STRICT_OBJC_MSGSEND = YES;
				GCC_C_LANGUAGE_STANDARD = gnu11;
				GCC_NO_COMMON_BLOCKS = YES;
				GCC_WARN_64_TO_32_BIT_CONVERSION = YES;
				GCC_WARN_ABOUT_RETURN_TYPE = YES_ERROR;
				GCC_WARN_UNDECLARED_SELECTOR = YES;
				GCC_WARN_UNINITIALIZED_AUTOS = YES_AGGRESSIVE;
				GCC_WARN_UNUSED_FUNCTION = YES;
				GCC_WARN_UNUSED_VARIABLE = YES;
				IPHONEOS_DEPLOYMENT_TARGET = 14.0;
				MACOSX_DEPLOYMENT_TARGET = 11.0;
				MTL_ENABLE_DEBUG_INFO = NO;
				MTL_FAST_MATH = YES;
				SWIFT_COMPILATION_MODE = wholemodule;
				SWIFT_OPTIMIZATION_LEVEL = "-O";
			};
			name = Release;
		};
		445A4C4D28985C5F00A75DAA /* Debug */ = {
			isa = XCBuildConfiguration;
			buildSettings = {
				ASSETCATALOG_COMPILER_APPICON_NAME = AppIcon;
				ASSETCATALOG_COMPILER_GLOBAL_ACCENT_COLOR_NAME = AccentColor;
				CODE_SIGN_STYLE = Manual;
				CURRENT_PROJECT_VERSION = 1;
				DEVELOPMENT_TEAM = "";
				ENABLE_PREVIEWS = YES;
				GENERATE_INFOPLIST_FILE = YES;
				INFOPLIST_KEY_UIApplicationSceneManifest_Generation = YES;
				INFOPLIST_KEY_UIApplicationSupportsIndirectInputEvents = YES;
				INFOPLIST_KEY_UILaunchScreen_Generation = YES;
				INFOPLIST_KEY_UISupportedInterfaceOrientations_iPad = "UIInterfaceOrientationPortrait UIInterfaceOrientationPortraitUpsideDown UIInterfaceOrientationLandscapeLeft UIInterfaceOrientationLandscapeRight";
				INFOPLIST_KEY_UISupportedInterfaceOrientations_iPhone = "UIInterfaceOrientationPortrait UIInterfaceOrientationLandscapeLeft UIInterfaceOrientationLandscapeRight";
				IPHONEOS_DEPLOYMENT_TARGET = 14.0;
				LD_RUNPATH_SEARCH_PATHS = (
					"$(inherited)",
					"@executable_path/Frameworks",
				);
				MARKETING_VERSION = 1.0;
				PRODUCT_BUNDLE_IDENTIFIER = com.teenloong.XWeatherKitDemo;
				PRODUCT_NAME = XWeatherKitDemo;
				PROVISIONING_PROFILE_SPECIFIER = "";
				SDKROOT = iphoneos;
				SWIFT_EMIT_LOC_STRINGS = YES;
				SWIFT_VERSION = 5.0;
				TARGETED_DEVICE_FAMILY = "1,2";
			};
			name = Debug;
		};
		445A4C4E28985C5F00A75DAA /* Release */ = {
			isa = XCBuildConfiguration;
			buildSettings = {
				ASSETCATALOG_COMPILER_APPICON_NAME = AppIcon;
				ASSETCATALOG_COMPILER_GLOBAL_ACCENT_COLOR_NAME = AccentColor;
				CODE_SIGN_STYLE = Manual;
				CURRENT_PROJECT_VERSION = 1;
				DEVELOPMENT_TEAM = "";
				ENABLE_PREVIEWS = YES;
				GENERATE_INFOPLIST_FILE = YES;
				INFOPLIST_KEY_UIApplicationSceneManifest_Generation = YES;
				INFOPLIST_KEY_UIApplicationSupportsIndirectInputEvents = YES;
				INFOPLIST_KEY_UILaunchScreen_Generation = YES;
				INFOPLIST_KEY_UISupportedInterfaceOrientations_iPad = "UIInterfaceOrientationPortrait UIInterfaceOrientationPortraitUpsideDown UIInterfaceOrientationLandscapeLeft UIInterfaceOrientationLandscapeRight";
				INFOPLIST_KEY_UISupportedInterfaceOrientations_iPhone = "UIInterfaceOrientationPortrait UIInterfaceOrientationLandscapeLeft UIInterfaceOrientationLandscapeRight";
				IPHONEOS_DEPLOYMENT_TARGET = 14.0;
				LD_RUNPATH_SEARCH_PATHS = (
					"$(inherited)",
					"@executable_path/Frameworks",
				);
				MARKETING_VERSION = 1.0;
				PRODUCT_BUNDLE_IDENTIFIER = com.teenloong.XWeatherKitDemo;
				PRODUCT_NAME = XWeatherKitDemo;
				PROVISIONING_PROFILE_SPECIFIER = "";
				SDKROOT = iphoneos;
				SWIFT_EMIT_LOC_STRINGS = YES;
				SWIFT_VERSION = 5.0;
				TARGETED_DEVICE_FAMILY = "1,2";
				VALIDATE_PRODUCT = YES;
			};
			name = Release;
		};
		445A4C5028985C5F00A75DAA /* Debug */ = {
			isa = XCBuildConfiguration;
			buildSettings = {
				ASSETCATALOG_COMPILER_APPICON_NAME = AppIcon;
				ASSETCATALOG_COMPILER_GLOBAL_ACCENT_COLOR_NAME = AccentColor;
				CODE_SIGN_ENTITLEMENTS = macOS/macOS.entitlements;
				CODE_SIGN_STYLE = Automatic;
				COMBINE_HIDPI_IMAGES = YES;
				CURRENT_PROJECT_VERSION = 1;
				ENABLE_PREVIEWS = YES;
				GENERATE_INFOPLIST_FILE = YES;
				INFOPLIST_KEY_NSHumanReadableCopyright = "";
				LD_RUNPATH_SEARCH_PATHS = (
					"$(inherited)",
					"@executable_path/../Frameworks",
				);
				MACOSX_DEPLOYMENT_TARGET = 11.0;
				MARKETING_VERSION = 1.0;
				PRODUCT_BUNDLE_IDENTIFIER = com.teenloong.XWeatherKitDemo;
				PRODUCT_NAME = XWeatherKitDemo;
				SDKROOT = macosx;
				SWIFT_EMIT_LOC_STRINGS = YES;
				SWIFT_VERSION = 5.0;
			};
			name = Debug;
		};
		445A4C5128985C5F00A75DAA /* Release */ = {
			isa = XCBuildConfiguration;
			buildSettings = {
				ASSETCATALOG_COMPILER_APPICON_NAME = AppIcon;
				ASSETCATALOG_COMPILER_GLOBAL_ACCENT_COLOR_NAME = AccentColor;
				CODE_SIGN_ENTITLEMENTS = macOS/macOS.entitlements;
				CODE_SIGN_STYLE = Automatic;
				COMBINE_HIDPI_IMAGES = YES;
				CURRENT_PROJECT_VERSION = 1;
				ENABLE_PREVIEWS = YES;
				GENERATE_INFOPLIST_FILE = YES;
				INFOPLIST_KEY_NSHumanReadableCopyright = "";
				LD_RUNPATH_SEARCH_PATHS = (
					"$(inherited)",
					"@executable_path/../Frameworks",
				);
				MACOSX_DEPLOYMENT_TARGET = 11.0;
				MARKETING_VERSION = 1.0;
				PRODUCT_BUNDLE_IDENTIFIER = com.teenloong.XWeatherKitDemo;
				PRODUCT_NAME = XWeatherKitDemo;
				SDKROOT = macosx;
				SWIFT_EMIT_LOC_STRINGS = YES;
				SWIFT_VERSION = 5.0;
			};
			name = Release;
		};
/* End XCBuildConfiguration section */

/* Begin XCConfigurationList section */
		445A4C3228985C5E00A75DAA /* Build configuration list for PBXProject "XWeatherKitDemo" */ = {
			isa = XCConfigurationList;
			buildConfigurations = (
				445A4C4A28985C5F00A75DAA /* Debug */,
				445A4C4B28985C5F00A75DAA /* Release */,
			);
			defaultConfigurationIsVisible = 0;
			defaultConfigurationName = Release;
		};
		445A4C4C28985C5F00A75DAA /* Build configuration list for PBXNativeTarget "XWeatherKitDemo (iOS)" */ = {
			isa = XCConfigurationList;
			buildConfigurations = (
				445A4C4D28985C5F00A75DAA /* Debug */,
				445A4C4E28985C5F00A75DAA /* Release */,
			);
			defaultConfigurationIsVisible = 0;
			defaultConfigurationName = Release;
		};
		445A4C4F28985C5F00A75DAA /* Build configuration list for PBXNativeTarget "XWeatherKitDemo (macOS)" */ = {
			isa = XCConfigurationList;
			buildConfigurations = (
				445A4C5028985C5F00A75DAA /* Debug */,
				445A4C5128985C5F00A75DAA /* Release */,
			);
			defaultConfigurationIsVisible = 0;
			defaultConfigurationName = Release;
		};
/* End XCConfigurationList section */

/* Begin XCSwiftPackageProductDependency section */
		445A4C5528985CB200A75DAA /* XWeatherKit */ = {
			isa = XCSwiftPackageProductDependency;
			productName = XWeatherKit;
		};
		445A4C5728985DF700A75DAA /* XWeatherKit */ = {
			isa = XCSwiftPackageProductDependency;
			productName = XWeatherKit;
		};
/* End XCSwiftPackageProductDependency section */
	};
	rootObject = 445A4C2F28985C5E00A75DAA /* Project object */;
}
